{"1.1.0",
[{<<"certifi">>,{pkg,<<"certifi">>,<<"0.4.0">>},1},
 {<<"erlware_commons">>,{pkg,<<"erlware_commons">>,<<"0.15.0">>},0},
 {<<"hackney">>,{pkg,<<"hackney">>,<<"1.6.0">>},0},
 {<<"idna">>,{pkg,<<"idna">>,<<"1.0.2">>},1},
 {<<"jsx">>,
  {git,"git://github.com/talentdeficit/jsx.git",
       {ref,"9d4534edc57686f28e16c5b1f6902a7e99c8b035"}},
  0},
 {<<"metrics">>,{pkg,<<"metrics">>,<<"1.0.1">>},1},
 {<<"mimerl">>,{pkg,<<"mimerl">>,<<"1.0.2">>},1},
 {<<"ssl_verify_fun">>,{pkg,<<"ssl_verify_fun">>,<<"1.1.0">>},1}]}.
[
{pkg_hash,[
 {<<"certifi">>, <<"A7966EFB868B179023618D29A407548F70C52466BF1849B9E8EBD0E34B7EA11F">>},
 {<<"erlware_commons">>, <<"99A7AA84B5FDF423C0F2C7907A8443288F991B676CF22ABAC6F9B5A526CCC189">>},
 {<<"hackney">>, <<"8D1E9440C9EDF23BF5E5E2FE0C71DE03EB265103B72901337394C840EEC679AC">>},
 {<<"idna">>, <<"397E3D001C002319DA75759B0A81156BF11849C71D565162436D50020CB7265E">>},
 {<<"metrics">>, <<"25F094DEA2CDA98213CECC3AEFF09E940299D950904393B2A29D191C346A8486">>},
 {<<"mimerl">>, <<"993F9B0E084083405ED8252B99460C4F0563E41729AB42D9074FD5E52439BE88">>},
 {<<"ssl_verify_fun">>, <<"EDEE20847C42E379BF91261DB474FFBE373F8ACB56E9079ACB6038D4E0BF414F">>}]}
].
